// !$*UTF8*$!
{
	archiveVersion = 1;
	classes = {
	};
	objectVersion = 77;
	objects = {

/* Begin PBXContainerItemProxy section */
		AC4169BA2D5D5694009F63C8 /* PBXContainerItemProxy */ = {
			isa = PBXContainerItemProxy;
			containerPortal = AC4169A12D5D5692009F63C8 /* Project object */;
			proxyType = 1;
			remoteGlobalIDString = AC4169A82D5D5692009F63C8;
			remoteInfo = chillyATC;
		};
		AC4169C42D5D5694009F63C8 /* PBXContainerItemProxy */ = {
			isa = PBXContainerItemProxy;
			containerPortal = AC4169A12D5D5692009F63C8 /* Project object */;
			proxyType = 1;
			remoteGlobalIDString = AC4169A82D5D5692009F63C8;
			remoteInfo = chillyATC;
		};
/* End PBXContainerItemProxy section */

/* Begin PBXFileReference section */
		AC4169A92D5D5692009F63C8 /* chillyATC.app */ = {isa = PBXFileReference; explicitFileType = wrapper.application; includeInIndex = 0; path = chillyATC.app; sourceTree = BUILT_PRODUCTS_DIR; };
		AC4169B92D5D5694009F63C8 /* chillyATCTests.xctest */ = {isa = PBXFileReference; explicitFileType = wrapper.cfbundle; includeInIndex = 0; path = chillyATCTests.xctest; sourceTree = BUILT_PRODUCTS_DIR; };
		AC4169C32D5D5694009F63C8 /* chillyATCUITests.xctest */ = {isa = PBXFileReference; explicitFileType = wrapper.cfbundle; includeInIndex = 0; path = chillyATCUITests.xctest; sourceTree = BUILT_PRODUCTS_DIR; };
/* End PBXFileReference section */

/* Begin PBXFileSystemSynchronizedRootGroup section */
		AC4169AB2D5D5692009F63C8 /* chillyATC */ = {
			isa = PBXFileSystemSynchronizedRootGroup;
			path = chillyATC;
			sourceTree = "<group>";
		};
		AC4169BC2D5D5694009F63C8 /* chillyATCTests */ = {
			isa = PBXFileSystemSynchronizedRootGroup;
			path = chillyATCTests;
			sourceTree = "<group>";
		};
		AC4169C62D5D5694009F63C8 /* chillyATCUITests */ = {
			isa = PBXFileSystemSynchronizedRootGroup;
			path = chillyATCUITests;
			sourceTree = "<group>";
		};
/* End PBXFileSystemSynchronizedRootGroup section */

/* Begin PBXFrameworksBuildPhase section */
		AC4169A62D5D5692009F63C8 /* Frameworks */ = {
			isa = PBXFrameworksBuildPhase;
			buildActionMask = 2147483647;
			files = (
			);
			runOnlyForDeploymentPostprocessing = 0;
		};
		AC4169B62D5D5694009F63C8 /* Frameworks */ = {
			isa = PBXFrameworksBuildPhase;
			buildActionMask = 2147483647;
			files = (
			);
			runOnlyForDeploymentPostprocessing = 0;
		};
		AC4169C02D5D5694009F63C8 /* Frameworks */ = {
			isa = PBXFrameworksBuildPhase;
			buildActionMask = 2147483647;
			files = (
			);
			runOnlyForDeploymentPostprocessing = 0;
		};
/* End PBXFrameworksBuildPhase section */

/* Begin PBXGroup section */
		AC4169A02D5D5692009F63C8 = {
			isa = PBXGroup;
			children = (
				AC4169AB2D5D5692009F63C8 /* chillyATC */,
				AC4169BC2D5D5694009F63C8 /* chillyATCTests */,
				AC4169C62D5D5694009F63C8 /* chillyATCUITests */,
				AC4169AA2D5D5692009F63C8 /* Products */,
			);
			sourceTree = "<group>";
		};
		AC4169AA2D5D5692009F63C8 /* Products */ = {
			isa = PBXGroup;
			children = (
				AC4169A92D5D5692009F63C8 /* chillyATC.app */,
				AC4169B92D5D5694009F63C8 /* chillyATCTests.xctest */,
				AC4169C32D5D5694009F63C8 /* chillyATCUITests.xctest */,
			);
			name = Products;
			sourceTree = "<group>";
		};
/* End PBXGroup section */

/* Begin PBXNativeTarget section */
		AC4169A82D5D5692009F63C8 /* chillyATC */ = {
			isa = PBXNativeTarget;
			buildConfigurationList = AC4169CD2D5D5694009F63C8 /* Build configuration list for PBXNativeTarget "chillyATC" */;
			buildPhases = (
				AC4169A52D5D5692009F63C8 /* Sources */,
				AC4169A62D5D5692009F63C8 /* Frameworks */,
				AC4169A72D5D5692009F63C8 /* Resources */,
			);
			buildRules = (
			);
			dependencies = (
			);
			fileSystemSynchronizedGroups = (
				AC4169AB2D5D5692009F63C8 /* chillyATC */,
			);
			name = chillyATC;
			packageProductDependencies = (
			);
			productName = chillyATC;
			productReference = AC4169A92D5D5692009F63C8 /* chillyATC.app */;
			productType = "com.apple.product-type.application";
		};
		AC4169B82D5D5694009F63C8 /* chillyATCTests */ = {
			isa = PBXNativeTarget;
			buildConfigurationList = AC4169D02D5D5694009F63C8 /* Build configuration list for PBXNativeTarget "chillyATCTests" */;
			buildPhases = (
				AC4169B52D5D5694009F63C8 /* Sources */,
				AC4169B62D5D5694009F63C8 /* Frameworks */,
				AC4169B72D5D5694009F63C8 /* Resources */,
			);
			buildRules = (
			);
			dependencies = (
				AC4169BB2D5D5694009F63C8 /* PBXTargetDependency */,
			);
			fileSystemSynchronizedGroups = (
				AC4169BC2D5D5694009F63C8 /* chillyATCTests */,
			);
			name = chillyATCTests;
			packageProductDependencies = (
			);
			productName = chillyATCTests;
			productReference = AC4169B92D5D5694009F63C8 /* chillyATCTests.xctest */;
			productType = "com.apple.product-type.bundle.unit-test";
		};
		AC4169C22D5D5694009F63C8 /* chillyATCUITests */ = {
			isa = PBXNativeTarget;
			buildConfigurationList = AC4169D32D5D5694009F63C8 /* Build configuration list for PBXNativeTarget "chillyATCUITests" */;
			buildPhases = (
				AC4169BF2D5D5694009F63C8 /* Sources */,
				AC4169C02D5D5694009F63C8 /* Frameworks */,
				AC4169C12D5D5694009F63C8 /* Resources */,
			);
			buildRules = (
			);
			dependencies = (
				AC4169C52D5D5694009F63C8 /* PBXTargetDependency */,
			);
			fileSystemSynchronizedGroups = (
				AC4169C62D5D5694009F63C8 /* chillyATCUITests */,
			);
			name = chillyATCUITests;
			packageProductDependencies = (
			);
			productName = chillyATCUITests;
			productReference = AC4169C32D5D5694009F63C8 /* chillyATCUITests.xctest */;
			productType = "com.apple.product-type.bundle.ui-testing";
		};
/* End PBXNativeTarget section */

/* Begin PBXProject section */
		AC4169A12D5D5692009F63C8 /* Project object */ = {
			isa = PBXProject;
			attributes = {
				BuildIndependentTargetsInParallel = 1;
				LastSwiftUpdateCheck = 1620;
				LastUpgradeCheck = 1620;
				TargetAttributes = {
					AC4169A82D5D5692009F63C8 = {
						CreatedOnToolsVersion = 16.2;
					};
					AC4169B82D5D5694009F63C8 = {
						CreatedOnToolsVersion = 16.2;
						TestTargetID = AC4169A82D5D5692009F63C8;
					};
					AC4169C22D5D5694009F63C8 = {
						CreatedOnToolsVersion = 16.2;
						TestTargetID = AC4169A82D5D5692009F63C8;
					};
				};
			};
			buildConfigurationList = AC4169A42D5D5692009F63C8 /* Build configuration list for PBXProject "chillyATC" */;
			developmentRegion = en;
			hasScannedForEncodings = 0;
			knownRegions = (
				en,
				Base,
			);
			mainGroup = AC4169A02D5D5692009F63C8;
			minimizedProjectReferenceProxies = 1;
			preferredProjectObjectVersion = 77;
			productRefGroup = AC4169AA2D5D5692009F63C8 /* Products */;
			projectDirPath = "";
			projectRoot = "";
			targets = (
				AC4169A82D5D5692009F63C8 /* chillyATC */,
				AC4169B82D5D5694009F63C8 /* chillyATCTests */,
				AC4169C22D5D5694009F63C8 /* chillyATCUITests */,
			);
		};
/* End PBXProject section */

/* Begin PBXResourcesBuildPhase section */
		AC4169A72D5D5692009F63C8 /* Resources */ = {
			isa = PBXResourcesBuildPhase;
			buildActionMask = 2147483647;
			files = (
			);
			runOnlyForDeploymentPostprocessing = 0;
		};
		AC4169B72D5D5694009F63C8 /* Resources */ = {
			isa = PBXResourcesBuildPhase;
			buildActionMask = 2147483647;
			files = (
			);
			runOnlyForDeploymentPostprocessing = 0;
		};
		AC4169C12D5D5694009F63C8 /* Resources */ = {
			isa = PBXResourcesBuildPhase;
			buildActionMask = 2147483647;
			files = (
			);
			runOnlyForDeploymentPostprocessing = 0;
		};
/* End PBXResourcesBuildPhase section */

/* Begin PBXSourcesBuildPhase section */
		AC4169A52D5D5692009F63C8 /* Sources */ = {
			isa = PBXSourcesBuildPhase;
			buildActionMask = 2147483647;
			files = (
			);
			runOnlyForDeploymentPostprocessing = 0;
		};
		AC4169B52D5D5694009F63C8 /* Sources */ = {
			isa = PBXSourcesBuildPhase;
			buildActionMask = 2147483647;
			files = (
			);
			runOnlyForDeploymentPostprocessing = 0;
		};
		AC4169BF2D5D5694009F63C8 /* Sources */ = {
			isa = PBXSourcesBuildPhase;
			buildActionMask = 2147483647;
			files = (
			);
			runOnlyForDeploymentPostprocessing = 0;
		};
/* End PBXSourcesBuildPhase section */

/* Begin PBXTargetDependency section */
		AC4169BB2D5D5694009F63C8 /* PBXTargetDependency */ = {
			isa = PBXTargetDependency;
			target = AC4169A82D5D5692009F63C8 /* chillyATC */;
			targetProxy = AC4169BA2D5D5694009F63C8 /* PBXContainerItemProxy */;
		};
		AC4169C52D5D5694009F63C8 /* PBXTargetDependency */ = {
			isa = PBXTargetDependency;
			target = AC4169A82D5D5692009F63C8 /* chillyATC */;
			targetProxy = AC4169C42D5D5694009F63C8 /* PBXContainerItemProxy */;
		};
/* End PBXTargetDependency section */

/* Begin XCBuildConfiguration section */
		AC4169CB2D5D5694009F63C8 /* Debug */ = {
			isa = XCBuildConfiguration;
			buildSettings = {
				ALWAYS_SEARCH_USER_PATHS = NO;
				ASSETCATALOG_COMPILER_GENERATE_SWIFT_ASSET_SYMBOL_EXTENSIONS = YES;
				CLANG_ANALYZER_NONNULL = YES;
				CLANG_ANALYZER_NUMBER_OBJECT_CONVERSION = YES_AGGRESSIVE;
				CLANG_CXX_LANGUAGE_STANDARD = "gnu++20";
				CLANG_ENABLE_MODULES = YES;
				CLANG_ENABLE_OBJC_ARC = YES;
				CLANG_ENABLE_OBJC_WEAK = YES;
				CLANG_WARN_BLOCK_CAPTURE_AUTORELEASING = YES;
				CLANG_WARN_BOOL_CONVERSION = YES;
				CLANG_WARN_COMMA = YES;
				CLANG_WARN_CONSTANT_CONVERSION = YES;
				CLANG_WARN_DEPRECATED_OBJC_IMPLEMENTATIONS = YES;
				CLANG_WARN_DIRECT_OBJC_ISA_USAGE = YES_ERROR;
				CLANG_WARN_DOCUMENTATION_COMMENTS = YES;
				CLANG_WARN_EMPTY_BODY = YES;
				CLANG_WARN_ENUM_CONVERSION = YES;
				CLANG_WARN_INFINITE_RECURSION = YES;
				CLANG_WARN_INT_CONVERSION = YES;
				CLANG_WARN_NON_LITERAL_NULL_CONVERSION = YES;
				CLANG_WARN_OBJC_IMPLICIT_RETAIN_SELF = YES;
				CLANG_WARN_OBJC_LITERAL_CONVERSION = YES;
				CLANG_WARN_OBJC_ROOT_CLASS = YES_ERROR;
				CLANG_WARN_QUOTED_INCLUDE_IN_FRAMEWORK_HEADER = YES;
				CLANG_WARN_RANGE_LOOP_ANALYSIS = YES;
				CLANG_WARN_STRICT_PROTOTYPES = YES;
				CLANG_WARN_SUSPICIOUS_MOVE = YES;
				CLANG_WARN_UNGUARDED_AVAILABILITY = YES_AGGRESSIVE;
				CLANG_WARN_UNREACHABLE_CODE = YES;
				CLANG_WARN__DUPLICATE_METHOD_MATCH = YES;
				COPY_PHASE_STRIP = NO;
				DEBUG_INFORMATION_FORMAT = dwarf;
				ENABLE_STRICT_OBJC_MSGSEND = YES;
				ENABLE_TESTABILITY = YES;
				ENABLE_USER_SCRIPT_SANDBOXING = YES;
				GCC_C_LANGUAGE_STANDARD = gnu17;
				GCC_DYNAMIC_NO_PIC = NO;
				GCC_NO_COMMON_BLOCKS = YES;
				GCC_OPTIMIZATION_LEVEL = 0;
				GCC_PREPROCESSOR_DEFINITIONS = (
					"DEBUG=1",
					"$(inherited)",
				);
				GCC_WARN_64_TO_32_BIT_CONVERSION = YES;
				GCC_WARN_ABOUT_RETURN_TYPE = YES_ERROR;
				GCC_WARN_UNDECLARED_SELECTOR = YES;
				GCC_WARN_UNINITIALIZED_AUTOS = YES_AGGRESSIVE;
				GCC_WARN_UNUSED_FUNCTION = YES;
				GCC_WARN_UNUSED_VARIABLE = YES;
				IPHONEOS_DEPLOYMENT_TARGET = 18.2;
				LOCALIZATION_PREFERS_STRING_CATALOGS = YES;
				MTL_ENABLE_DEBUG_INFO = INCLUDE_SOURCE;
				MTL_FAST_MATH = YES;
				ONLY_ACTIVE_ARCH = YES;
				SDKROOT = iphoneos;
				SWIFT_ACTIVE_COMPILATION_CONDITIONS = "DEBUG $(inherited)";
				SWIFT_OPTIMIZATION_LEVEL = "-Onone";
			};
			name = Debug;
		};
		AC4169CC2D5D5694009F63C8 /* Release */ = {
			isa = XCBuildConfiguration;
			buildSettings = {
				ALWAYS_SEARCH_USER_PATHS = NO;
				ASSETCATALOG_COMPILER_GENERATE_SWIFT_ASSET_SYMBOL_EXTENSIONS = YES;
				CLANG_ANALYZER_NONNULL = YES;
				CLANG_ANALYZER_NUMBER_OBJECT_CONVERSION = YES_AGGRESSIVE;
				CLANG_CXX_LANGUAGE_STANDARD = "gnu++20";
				CLANG_ENABLE_MODULES = YES;
				CLANG_ENABLE_OBJC_ARC = YES;
				CLANG_ENABLE_OBJC_WEAK = YES;
				CLANG_WARN_BLOCK_CAPTURE_AUTORELEASING = YES;
				CLANG_WARN_BOOL_CONVERSION = YES;
				CLANG_WARN_COMMA = YES;
				CLANG_WARN_CONSTANT_CONVERSION = YES;
				CLANG_WARN_DEPRECATED_OBJC_IMPLEMENTATIONS = YES;
				CLANG_WARN_DIRECT_OBJC_ISA_USAGE = YES_ERROR;
				CLANG_WARN_DOCUMENTATION_COMMENTS = YES;
				CLANG_WARN_EMPTY_BODY = YES;
				CLANG_WARN_ENUM_CONVERSION = YES;
				CLANG_WARN_INFINITE_RECURSION = YES;
				CLANG_WARN_INT_CONVERSION = YES;
				CLANG_WARN_NON_LITERAL_NULL_CONVERSION = YES;
				CLANG_WARN_OBJC_IMPLICIT_RETAIN_SELF = YES;
				CLANG_WARN_OBJC_LITERAL_CONVERSION = YES;
				CLANG_WARN_OBJC_ROOT_CLASS = YES_ERROR;
				CLANG_WARN_QUOTED_INCLUDE_IN_FRAMEWORK_HEADER = YES;
				CLANG_WARN_RANGE_LOOP_ANALYSIS = YES;
				CLANG_WARN_STRICT_PROTOTYPES = YES;
				CLANG_WARN_SUSPICIOUS_MOVE = YES;
				CLANG_WARN_UNGUARDED_AVAILABILITY = YES_AGGRESSIVE;
				CLANG_WARN_UNREACHABLE_CODE = YES;
				CLANG_WARN__DUPLICATE_METHOD_MATCH = YES;
				COPY_PHASE_STRIP = NO;
				DEBUG_INFORMATION_FORMAT = "dwarf-with-dsym";
				ENABLE_NS_ASSERTIONS = NO;
				ENABLE_STRICT_OBJC_MSGSEND = YES;
				ENABLE_USER_SCRIPT_SANDBOXING = YES;
				GCC_C_LANGUAGE_STANDARD = gnu17;
				GCC_NO_COMMON_BLOCKS = YES;
				GCC_WARN_64_TO_32_BIT_CONVERSION = YES;
				GCC_WARN_ABOUT_RETURN_TYPE = YES_ERROR;
				GCC_WARN_UNDECLARED_SELECTOR = YES;
				GCC_WARN_UNINITIALIZED_AUTOS = YES_AGGRESSIVE;
				GCC_WARN_UNUSED_FUNCTION = YES;
				GCC_WARN_UNUSED_VARIABLE = YES;
				IPHONEOS_DEPLOYMENT_TARGET = 18.2;
				LOCALIZATION_PREFERS_STRING_CATALOGS = YES;
				MTL_ENABLE_DEBUG_INFO = NO;
				MTL_FAST_MATH = YES;
				SDKROOT = iphoneos;
				SWIFT_COMPILATION_MODE = wholemodule;
				VALIDATE_PRODUCT = YES;
			};
			name = Release;
		};
		AC4169CE2D5D5694009F63C8 /* Debug */ = {
			isa = XCBuildConfiguration;
			buildSettings = {
				ASSETCATALOG_COMPILER_APPICON_NAME = AppIcon;
				ASSETCATALOG_COMPILER_GLOBAL_ACCENT_COLOR_NAME = AccentColor;
				CODE_SIGN_STYLE = Automatic;
				CURRENT_PROJECT_VERSION = 1;
				DEVELOPMENT_ASSET_PATHS = "\"chillyATC/Preview Content\"";
				ENABLE_PREVIEWS = YES;
				GENERATE_INFOPLIST_FILE = YES;
				INFOPLIST_KEY_UIApplicationSceneManifest_Generation = YES;
				INFOPLIST_KEY_UIApplicationSupportsIndirectInputEvents = YES;
				INFOPLIST_KEY_UILaunchScreen_Generation = YES;
				INFOPLIST_KEY_UISupportedInterfaceOrientations_iPad = "UIInterfaceOrientationPortrait UIInterfaceOrientationPortraitUpsideDown UIInterfaceOrientationLandscapeLeft UIInterfaceOrientationLandscapeRight";
				INFOPLIST_KEY_UISupportedInterfaceOrientations_iPhone = "UIInterfaceOrientationPortrait UIInterfaceOrientationLandscapeLeft UIInterfaceOrientationLandscapeRight";
				LD_RUNPATH_SEARCH_PATHS = (
					"$(inherited)",
					"@executable_path/Frameworks",
				);
				MARKETING_VERSION = 1.0;
				PRODUCT_BUNDLE_IDENTIFIER = com.naiman.chillyATC;
				PRODUCT_NAME = "$(TARGET_NAME)";
				SWIFT_EMIT_LOC_STRINGS = YES;
				SWIFT_VERSION = 5.0;
				TARGETED_DEVICE_FAMILY = "1,2";
			};
			name = Debug;
		};
		AC4169CF2D5D5694009F63C8 /* Release */ = {
			isa = XCBuildConfiguration;
			buildSettings = {
				ASSETCATALOG_COMPILER_APPICON_NAME = AppIcon;
				ASSETCATALOG_COMPILER_GLOBAL_ACCENT_COLOR_NAME = AccentColor;
				CODE_SIGN_STYLE = Automatic;
				CURRENT_PROJECT_VERSION = 1;
				DEVELOPMENT_ASSET_PATHS = "\"chillyATC/Preview Content\"";
				ENABLE_PREVIEWS = YES;
				GENERATE_INFOPLIST_FILE = YES;
				INFOPLIST_KEY_UIApplicationSceneManifest_Generation = YES;
				INFOPLIST_KEY_UIApplicationSupportsIndirectInputEvents = YES;
				INFOPLIST_KEY_UILaunchScreen_Generation = YES;
				INFOPLIST_KEY_UISupportedInterfaceOrientations_iPad = "UIInterfaceOrientationPortrait UIInterfaceOrientationPortraitUpsideDown UIInterfaceOrientationLandscapeLeft UIInterfaceOrientationLandscapeRight";
				INFOPLIST_KEY_UISupportedInterfaceOrientations_iPhone = "UIInterfaceOrientationPortrait UIInterfaceOrientationLandscapeLeft UIInterfaceOrientationLandscapeRight";
				LD_RUNPATH_SEARCH_PATHS = (
					"$(inherited)",
					"@executable_path/Frameworks",
				);
				MARKETING_VERSION = 1.0;
				PRODUCT_BUNDLE_IDENTIFIER = com.naiman.chillyATC;
				PRODUCT_NAME = "$(TARGET_NAME)";
				SWIFT_EMIT_LOC_STRINGS = YES;
				SWIFT_VERSION = 5.0;
				TARGETED_DEVICE_FAMILY = "1,2";
			};
			name = Release;
		};
		AC4169D12D5D5694009F63C8 /* Debug */ = {
			isa = XCBuildConfiguration;
			buildSettings = {
				BUNDLE_LOADER = "$(TEST_HOST)";
				CODE_SIGN_STYLE = Automatic;
				CURRENT_PROJECT_VERSION = 1;
				GENERATE_INFOPLIST_FILE = YES;
				IPHONEOS_DEPLOYMENT_TARGET = 18.2;
				MARKETING_VERSION = 1.0;
				PRODUCT_BUNDLE_IDENTIFIER = com.naiman.chillyATCTests;
				PRODUCT_NAME = "$(TARGET_NAME)";
				SWIFT_EMIT_LOC_STRINGS = NO;
				SWIFT_VERSION = 5.0;
				TARGETED_DEVICE_FAMILY = "1,2";
				TEST_HOST = "$(BUILT_PRODUCTS_DIR)/chillyATC.app/$(BUNDLE_EXECUTABLE_FOLDER_PATH)/chillyATC";
			};
			name = Debug;
		};
		AC4169D22D5D5694009F63C8 /* Release */ = {
			isa = XCBuildConfiguration;
			buildSettings = {
				BUNDLE_LOADER = "$(TEST_HOST)";
				CODE_SIGN_STYLE = Automatic;
				CURRENT_PROJECT_VERSION = 1;
				GENERATE_INFOPLIST_FILE = YES;
				IPHONEOS_DEPLOYMENT_TARGET = 18.2;
				MARKETING_VERSION = 1.0;
				PRODUCT_BUNDLE_IDENTIFIER = com.naiman.chillyATCTests;
				PRODUCT_NAME = "$(TARGET_NAME)";
				SWIFT_EMIT_LOC_STRINGS = NO;
				SWIFT_VERSION = 5.0;
				TARGETED_DEVICE_FAMILY = "1,2";
				TEST_HOST = "$(BUILT_PRODUCTS_DIR)/chillyATC.app/$(BUNDLE_EXECUTABLE_FOLDER_PATH)/chillyATC";
			};
			name = Release;
		};
		AC4169D42D5D5694009F63C8 /* Debug */ = {
			isa = XCBuildConfiguration;
			buildSettings = {
				CODE_SIGN_STYLE = Automatic;
				CURRENT_PROJECT_VERSION = 1;
				GENERATE_INFOPLIST_FILE = YES;
				MARKETING_VERSION = 1.0;
				PRODUCT_BUNDLE_IDENTIFIER = com.naiman.chillyATCUITests;
				PRODUCT_NAME = "$(TARGET_NAME)";
				SWIFT_EMIT_LOC_STRINGS = NO;
				SWIFT_VERSION = 5.0;
				TARGETED_DEVICE_FAMILY = "1,2";
				TEST_TARGET_NAME = chillyATC;
			};
			name = Debug;
		};
		AC4169D52D5D5694009F63C8 /* Release */ = {
			isa = XCBuildConfiguration;
			buildSettings = {
				CODE_SIGN_STYLE = Automatic;
				CURRENT_PROJECT_VERSION = 1;
				GENERATE_INFOPLIST_FILE = YES;
				MARKETING_VERSION = 1.0;
				PRODUCT_BUNDLE_IDENTIFIER = com.naiman.chillyATCUITests;
				PRODUCT_NAME = "$(TARGET_NAME)";
				SWIFT_EMIT_LOC_STRINGS = NO;
				SWIFT_VERSION = 5.0;
				TARGETED_DEVICE_FAMILY = "1,2";
				TEST_TARGET_NAME = chillyATC;
			};
			name = Release;
		};
/* End XCBuildConfiguration section */

/* Begin XCConfigurationList section */
		AC4169A42D5D5692009F63C8 /* Build configuration list for PBXProject "chillyATC" */ = {
			isa = XCConfigurationList;
			buildConfigurations = (
				AC4169CB2D5D5694009F63C8 /* Debug */,
				AC4169CC2D5D5694009F63C8 /* Release */,
			);
			defaultConfigurationIsVisible = 0;
			defaultConfigurationName = Release;
		};
		AC4169CD2D5D5694009F63C8 /* Build configuration list for PBXNativeTarget "chillyATC" */ = {
			isa = XCConfigurationList;
			buildConfigurations = (
				AC4169CE2D5D5694009F63C8 /* Debug */,
				AC4169CF2D5D5694009F63C8 /* Release */,
			);
			defaultConfigurationIsVisible = 0;
			defaultConfigurationName = Release;
		};
		AC4169D02D5D5694009F63C8 /* Build configuration list for PBXNativeTarget "chillyATCTests" */ = {
			isa = XCConfigurationList;
			buildConfigurations = (
				AC4169D12D5D5694009F63C8 /* Debug */,
				AC4169D22D5D5694009F63C8 /* Release */,
			);
			defaultConfigurationIsVisible = 0;
			defaultConfigurationName = Release;
		};
		AC4169D32D5D5694009F63C8 /* Build configuration list for PBXNativeTarget "chillyATCUITests" */ = {
			isa = XCConfigurationList;
			buildConfigurations = (
				AC4169D42D5D5694009F63C8 /* Debug */,
				AC4169D52D5D5694009F63C8 /* Release */,
			);
			defaultConfigurationIsVisible = 0;
			defaultConfigurationName = Release;
		};
/* End XCConfigurationList section */
	};
	rootObject = AC4169A12D5D5692009F63C8 /* Project object */;
}
